dependencies:
- name: grafana
  repository: https://grafana.github.io/helm-charts
  version: 6.51.1
- name: loki
  repository: https://grafana.github.io/helm-charts
  version: 2.16.0
- name: promtail
  repository: https://grafana.github.io/helm-charts
  version: 4.2.1
- name: elasticsearch
  repository: https://helm.elastic.co
  version: 7.17.3
- name: postgresql
  repository: https://charts.bitnami.com/bitnami
  version: 12.2.1
digest: sha256:3e11ad420e26134b76f39fbb087e1e17d6b19f332550d590e3099b5eb764acfb
generated: "2023-03-18T22:25:54.674782-04:00"
