dependencies:
- name: grafana
  repository: https://grafana.github.io/helm-charts
  version: 6.51.1
- name: loki
  repository: https://grafana.github.io/helm-charts
  version: 2.16.0
- name: promtail
  repository: https://grafana.github.io/helm-charts
  version: 6.9.3
- name: elasticsearch
  repository: https://helm.elastic.co
  version: 7.17.3
- name: postgresql
  repository: https://charts.bitnami.com/bitnami
  version: 12.2.1
digest: sha256:7d4d124c4c59e94c95bc3147f8d6570c47623df0920995295eb5d708caf3a62e
generated: "2023-03-18T22:42:34.036628-04:00"
